// !$*UTF8*$!
{
	archiveVersion = 1;
	classes = {
	};
	objectVersion = 46;
	objects = {

/* Begin PBXBuildFile section */
		171510841B40C84900F17164 /* AppDelegate.swift in Sources */ = {isa = PBXBuildFile; fileRef = 171510831B40C84900F17164 /* AppDelegate.swift */; };
		171510861B40C84900F17164 /* MasterViewController.swift in Sources */ = {isa = PBXBuildFile; fileRef = 171510851B40C84900F17164 /* MasterViewController.swift */; };
		171510881B40C84900F17164 /* DetailViewController.swift in Sources */ = {isa = PBXBuildFile; fileRef = 171510871B40C84900F17164 /* DetailViewController.swift */; };
		1715108B1B40C84900F17164 /* Main.storyboard in Resources */ = {isa = PBXBuildFile; fileRef = 171510891B40C84900F17164 /* Main.storyboard */; };
		1715108D1B40C84900F17164 /* Images.xcassets in Resources */ = {isa = PBXBuildFile; fileRef = 1715108C1B40C84900F17164 /* Images.xcassets */; };
		171510901B40C84900F17164 /* LaunchScreen.xib in Resources */ = {isa = PBXBuildFile; fileRef = 1715108E1B40C84900F17164 /* LaunchScreen.xib */; };
		1715109C1B40C84900F17164 /* ShoppingListTests.swift in Sources */ = {isa = PBXBuildFile; fileRef = 1715109B1B40C84900F17164 /* ShoppingListTests.swift */; };
		171510A61B419E0D00F17164 /* AddTask: ViewController.swift in Sources */ = {isa = PBXBuildFile; fileRef = 171510A51B419E0D00F17164 /* AddTask: ViewController.swift */; };
		171510A81B41A12B00F17164 /* DismissSeague.swift in Sources */ = {isa = PBXBuildFile; fileRef = 171510A71B41A12B00F17164 /* DismissSeague.swift */; };
/* End PBXBuildFile section */

/* Begin PBXContainerItemProxy section */
		171510961B40C84900F17164 /* PBXContainerItemProxy */ = {
			isa = PBXContainerItemProxy;
			containerPortal = 171510761B40C84900F17164 /* Project object */;
			proxyType = 1;
			remoteGlobalIDString = 1715107D1B40C84900F17164;
			remoteInfo = ShoppingList;
		};
/* End PBXContainerItemProxy section */

/* Begin PBXFileReference section */
		1715107E1B40C84900F17164 /* ShoppingList.app */ = {isa = PBXFileReference; explicitFileType = wrapper.application; includeInIndex = 0; path = ShoppingList.app; sourceTree = BUILT_PRODUCTS_DIR; };
		171510821B40C84900F17164 /* Info.plist */ = {isa = PBXFileReference; lastKnownFileType = text.plist.xml; path = Info.plist; sourceTree = "<group>"; };
		171510831B40C84900F17164 /* AppDelegate.swift */ = {isa = PBXFileReference; lastKnownFileType = sourcecode.swift; path = AppDelegate.swift; sourceTree = "<group>"; };
		171510851B40C84900F17164 /* MasterViewController.swift */ = {isa = PBXFileReference; lastKnownFileType = sourcecode.swift; path = MasterViewController.swift; sourceTree = "<group>"; };
		171510871B40C84900F17164 /* DetailViewController.swift */ = {isa = PBXFileReference; lastKnownFileType = sourcecode.swift; path = DetailViewController.swift; sourceTree = "<group>"; };
		1715108A1B40C84900F17164 /* Base */ = {isa = PBXFileReference; lastKnownFileType = file.storyboard; name = Base; path = Base.lproj/Main.storyboard; sourceTree = "<group>"; };
		1715108C1B40C84900F17164 /* Images.xcassets */ = {isa = PBXFileReference; lastKnownFileType = folder.assetcatalog; path = Images.xcassets; sourceTree = "<group>"; };
		1715108F1B40C84900F17164 /* Base */ = {isa = PBXFileReference; lastKnownFileType = file.xib; name = Base; path = Base.lproj/LaunchScreen.xib; sourceTree = "<group>"; };
		171510951B40C84900F17164 /* ShoppingListTests.xctest */ = {isa = PBXFileReference; explicitFileType = wrapper.cfbundle; includeInIndex = 0; path = ShoppingListTests.xctest; sourceTree = BUILT_PRODUCTS_DIR; };
		1715109A1B40C84900F17164 /* Info.plist */ = {isa = PBXFileReference; lastKnownFileType = text.plist.xml; path = Info.plist; sourceTree = "<group>"; };
		1715109B1B40C84900F17164 /* ShoppingListTests.swift */ = {isa = PBXFileReference; lastKnownFileType = sourcecode.swift; path = ShoppingListTests.swift; sourceTree = "<group>"; };
		171510A51B419E0D00F17164 /* AddTask: ViewController.swift */ = {isa = PBXFileReference; fileEncoding = 4; lastKnownFileType = sourcecode.swift; path = "AddTask: ViewController.swift"; sourceTree = "<group>"; };
		171510A71B41A12B00F17164 /* DismissSeague.swift */ = {isa = PBXFileReference; fileEncoding = 4; lastKnownFileType = sourcecode.swift; path = DismissSeague.swift; sourceTree = "<group>"; };
/* End PBXFileReference section */

/* Begin PBXFrameworksBuildPhase section */
		1715107B1B40C84900F17164 /* Frameworks */ = {
			isa = PBXFrameworksBuildPhase;
			buildActionMask = 2147483647;
			files = (
			);
			runOnlyForDeploymentPostprocessing = 0;
		};
		171510921B40C84900F17164 /* Frameworks */ = {
			isa = PBXFrameworksBuildPhase;
			buildActionMask = 2147483647;
			files = (
			);
			runOnlyForDeploymentPostprocessing = 0;
		};
/* End PBXFrameworksBuildPhase section */

/* Begin PBXGroup section */
		171510751B40C84800F17164 = {
			isa = PBXGroup;
			children = (
				171510801B40C84900F17164 /* ShoppingList */,
				171510981B40C84900F17164 /* ShoppingListTests */,
				1715107F1B40C84900F17164 /* Products */,
			);
			sourceTree = "<group>";
		};
		1715107F1B40C84900F17164 /* Products */ = {
			isa = PBXGroup;
			children = (
				1715107E1B40C84900F17164 /* ShoppingList.app */,
				171510951B40C84900F17164 /* ShoppingListTests.xctest */,
			);
			name = Products;
			sourceTree = "<group>";
		};
		171510801B40C84900F17164 /* ShoppingList */ = {
			isa = PBXGroup;
			children = (
				171510831B40C84900F17164 /* AppDelegate.swift */,
				171510851B40C84900F17164 /* MasterViewController.swift */,
				171510871B40C84900F17164 /* DetailViewController.swift */,
				171510891B40C84900F17164 /* Main.storyboard */,
				171510A71B41A12B00F17164 /* DismissSeague.swift */,
				171510A51B419E0D00F17164 /* AddTask: ViewController.swift */,
				1715108C1B40C84900F17164 /* Images.xcassets */,
				1715108E1B40C84900F17164 /* LaunchScreen.xib */,
				171510811B40C84900F17164 /* Supporting Files */,
			);
			path = ShoppingList;
			sourceTree = "<group>";
		};
		171510811B40C84900F17164 /* Supporting Files */ = {
			isa = PBXGroup;
			children = (
				171510821B40C84900F17164 /* Info.plist */,
			);
			name = "Supporting Files";
			sourceTree = "<group>";
		};
		171510981B40C84900F17164 /* ShoppingListTests */ = {
			isa = PBXGroup;
			children = (
				1715109B1B40C84900F17164 /* ShoppingListTests.swift */,
				171510991B40C84900F17164 /* Supporting Files */,
			);
			path = ShoppingListTests;
			sourceTree = "<group>";
		};
		171510991B40C84900F17164 /* Supporting Files */ = {
			isa = PBXGroup;
			children = (
				1715109A1B40C84900F17164 /* Info.plist */,
			);
			name = "Supporting Files";
			sourceTree = "<group>";
		};
/* End PBXGroup section */

/* Begin PBXNativeTarget section */
		1715107D1B40C84900F17164 /* ShoppingList */ = {
			isa = PBXNativeTarget;
			buildConfigurationList = 1715109F1B40C84900F17164 /* Build configuration list for PBXNativeTarget "ShoppingList" */;
			buildPhases = (
				1715107A1B40C84900F17164 /* Sources */,
				1715107B1B40C84900F17164 /* Frameworks */,
				1715107C1B40C84900F17164 /* Resources */,
			);
			buildRules = (
			);
			dependencies = (
			);
			name = ShoppingList;
			productName = ShoppingList;
			productReference = 1715107E1B40C84900F17164 /* ShoppingList.app */;
			productType = "com.apple.product-type.application";
		};
		171510941B40C84900F17164 /* ShoppingListTests */ = {
			isa = PBXNativeTarget;
			buildConfigurationList = 171510A21B40C84900F17164 /* Build configuration list for PBXNativeTarget "ShoppingListTests" */;
			buildPhases = (
				171510911B40C84900F17164 /* Sources */,
				171510921B40C84900F17164 /* Frameworks */,
				171510931B40C84900F17164 /* Resources */,
			);
			buildRules = (
			);
			dependencies = (
				171510971B40C84900F17164 /* PBXTargetDependency */,
			);
			name = ShoppingListTests;
			productName = ShoppingListTests;
			productReference = 171510951B40C84900F17164 /* ShoppingListTests.xctest */;
			productType = "com.apple.product-type.bundle.unit-test";
		};
/* End PBXNativeTarget section */

/* Begin PBXProject section */
		171510761B40C84900F17164 /* Project object */ = {
			isa = PBXProject;
			attributes = {
				LastUpgradeCheck = 0630;
				ORGANIZATIONNAME = SWS;
				TargetAttributes = {
					1715107D1B40C84900F17164 = {
						CreatedOnToolsVersion = 6.3.2;
					};
					171510941B40C84900F17164 = {
						CreatedOnToolsVersion = 6.3.2;
						TestTargetID = 1715107D1B40C84900F17164;
					};
				};
			};
			buildConfigurationList = 171510791B40C84900F17164 /* Build configuration list for PBXProject "ShoppingList" */;
			compatibilityVersion = "Xcode 3.2";
			developmentRegion = English;
			hasScannedForEncodings = 0;
			knownRegions = (
				en,
				Base,
			);
			mainGroup = 171510751B40C84800F17164;
			productRefGroup = 1715107F1B40C84900F17164 /* Products */;
			projectDirPath = "";
			projectRoot = "";
			targets = (
				1715107D1B40C84900F17164 /* ShoppingList */,
				171510941B40C84900F17164 /* ShoppingListTests */,
			);
		};
/* End PBXProject section */

/* Begin PBXResourcesBuildPhase section */
		1715107C1B40C84900F17164 /* Resources */ = {
			isa = PBXResourcesBuildPhase;
			buildActionMask = 2147483647;
			files = (
				1715108B1B40C84900F17164 /* Main.storyboard in Resources */,
				171510901B40C84900F17164 /* LaunchScreen.xib in Resources */,
				1715108D1B40C84900F17164 /* Images.xcassets in Resources */,
			);
			runOnlyForDeploymentPostprocessing = 0;
		};
		171510931B40C84900F17164 /* Resources */ = {
			isa = PBXResourcesBuildPhase;
			buildActionMask = 2147483647;
			files = (
			);
			runOnlyForDeploymentPostprocessing = 0;
		};
/* End PBXResourcesBuildPhase section */

/* Begin PBXSourcesBuildPhase section */
		1715107A1B40C84900F17164 /* Sources */ = {
			isa = PBXSourcesBuildPhase;
			buildActionMask = 2147483647;
			files = (
				171510A81B41A12B00F17164 /* DismissSeague.swift in Sources */,
				171510881B40C84900F17164 /* DetailViewController.swift in Sources */,
				171510A61B419E0D00F17164 /* AddTask: ViewController.swift in Sources */,
				171510861B40C84900F17164 /* MasterViewController.swift in Sources */,
				171510841B40C84900F17164 /* AppDelegate.swift in Sources */,
			);
			runOnlyForDeploymentPostprocessing = 0;
		};
		171510911B40C84900F17164 /* Sources */ = {
			isa = PBXSourcesBuildPhase;
			buildActionMask = 2147483647;
			files = (
				1715109C1B40C84900F17164 /* ShoppingListTests.swift in Sources */,
			);
			runOnlyForDeploymentPostprocessing = 0;
		};
/* End PBXSourcesBuildPhase section */

/* Begin PBXTargetDependency section */
		171510971B40C84900F17164 /* PBXTargetDependency */ = {
			isa = PBXTargetDependency;
			target = 1715107D1B40C84900F17164 /* ShoppingList */;
			targetProxy = 171510961B40C84900F17164 /* PBXContainerItemProxy */;
		};
/* End PBXTargetDependency section */

/* Begin PBXVariantGroup section */
		171510891B40C84900F17164 /* Main.storyboard */ = {
			isa = PBXVariantGroup;
			children = (
				1715108A1B40C84900F17164 /* Base */,
			);
			name = Main.storyboard;
			sourceTree = "<group>";
		};
		1715108E1B40C84900F17164 /* LaunchScreen.xib */ = {
			isa = PBXVariantGroup;
			children = (
				1715108F1B40C84900F17164 /* Base */,
			);
			name = LaunchScreen.xib;
			sourceTree = "<group>";
		};
/* End PBXVariantGroup section */

/* Begin XCBuildConfiguration section */
		1715109D1B40C84900F17164 /* Debug */ = {
			isa = XCBuildConfiguration;
			buildSettings = {
				ALWAYS_SEARCH_USER_PATHS = NO;
				CLANG_CXX_LANGUAGE_STANDARD = "gnu++0x";
				CLANG_CXX_LIBRARY = "libc++";
				CLANG_ENABLE_MODULES = YES;
				CLANG_ENABLE_OBJC_ARC = YES;
				CLANG_WARN_BOOL_CONVERSION = YES;
				CLANG_WARN_CONSTANT_CONVERSION = YES;
				CLANG_WARN_DIRECT_OBJC_ISA_USAGE = YES_ERROR;
				CLANG_WARN_EMPTY_BODY = YES;
				CLANG_WARN_ENUM_CONVERSION = YES;
				CLANG_WARN_INT_CONVERSION = YES;
				CLANG_WARN_OBJC_ROOT_CLASS = YES_ERROR;
				CLANG_WARN_UNREACHABLE_CODE = YES;
				CLANG_WARN__DUPLICATE_METHOD_MATCH = YES;
				"CODE_SIGN_IDENTITY[sdk=iphoneos*]" = "iPhone Developer";
				COPY_PHASE_STRIP = NO;
				DEBUG_INFORMATION_FORMAT = "dwarf-with-dsym";
				ENABLE_STRICT_OBJC_MSGSEND = YES;
				GCC_C_LANGUAGE_STANDARD = gnu99;
				GCC_DYNAMIC_NO_PIC = NO;
				GCC_NO_COMMON_BLOCKS = YES;
				GCC_OPTIMIZATION_LEVEL = 0;
				GCC_PREPROCESSOR_DEFINITIONS = (
					"DEBUG=1",
					"$(inherited)",
				);
				GCC_SYMBOLS_PRIVATE_EXTERN = NO;
				GCC_WARN_64_TO_32_BIT_CONVERSION = YES;
				GCC_WARN_ABOUT_RETURN_TYPE = YES_ERROR;
				GCC_WARN_UNDECLARED_SELECTOR = YES;
				GCC_WARN_UNINITIALIZED_AUTOS = YES_AGGRESSIVE;
				GCC_WARN_UNUSED_FUNCTION = YES;
				GCC_WARN_UNUSED_VARIABLE = YES;
				IPHONEOS_DEPLOYMENT_TARGET = 8.3;
				MTL_ENABLE_DEBUG_INFO = YES;
				ONLY_ACTIVE_ARCH = YES;
				SDKROOT = iphoneos;
				SWIFT_OPTIMIZATION_LEVEL = "-Onone";
			};
			name = Debug;
		};
		1715109E1B40C84900F17164 /* Release */ = {
			isa = XCBuildConfiguration;
			buildSettings = {
				ALWAYS_SEARCH_USER_PATHS = NO;
				CLANG_CXX_LANGUAGE_STANDARD = "gnu++0x";
				CLANG_CXX_LIBRARY = "libc++";
				CLANG_ENABLE_MODULES = YES;
				CLANG_ENABLE_OBJC_ARC = YES;
				CLANG_WARN_BOOL_CONVERSION = YES;
				CLANG_WARN_CONSTANT_CONVERSION = YES;
				CLANG_WARN_DIRECT_OBJC_ISA_USAGE = YES_ERROR;
				CLANG_WARN_EMPTY_BODY = YES;
				CLANG_WARN_ENUM_CONVERSION = YES;
				CLANG_WARN_INT_CONVERSION = YES;
				CLANG_WARN_OBJC_ROOT_CLASS = YES_ERROR;
				CLANG_WARN_UNREACHABLE_CODE = YES;
				CLANG_WARN__DUPLICATE_METHOD_MATCH = YES;
				"CODE_SIGN_IDENTITY[sdk=iphoneos*]" = "iPhone Developer";
				COPY_PHASE_STRIP = NO;
				DEBUG_INFORMATION_FORMAT = "dwarf-with-dsym";
				ENABLE_NS_ASSERTIONS = NO;
				ENABLE_STRICT_OBJC_MSGSEND = YES;
				GCC_C_LANGUAGE_STANDARD = gnu99;
				GCC_NO_COMMON_BLOCKS = YES;
				GCC_WARN_64_TO_32_BIT_CONVERSION = YES;
				GCC_WARN_ABOUT_RETURN_TYPE = YES_ERROR;
				GCC_WARN_UNDECLARED_SELECTOR = YES;
				GCC_WARN_UNINITIALIZED_AUTOS = YES_AGGRESSIVE;
				GCC_WARN_UNUSED_FUNCTION = YES;
				GCC_WARN_UNUSED_VARIABLE = YES;
				IPHONEOS_DEPLOYMENT_TARGET = 8.3;
				MTL_ENABLE_DEBUG_INFO = NO;
				SDKROOT = iphoneos;
				VALIDATE_PRODUCT = YES;
			};
			name = Release;
		};
		171510A01B40C84900F17164 /* Debug */ = {
			isa = XCBuildConfiguration;
			buildSettings = {
				ASSETCATALOG_COMPILER_APPICON_NAME = AppIcon;
				INFOPLIST_FILE = ShoppingList/Info.plist;
				LD_RUNPATH_SEARCH_PATHS = "$(inherited) @executable_path/Frameworks";
				PRODUCT_NAME = "$(TARGET_NAME)";
			};
			name = Debug;
		};
		171510A11B40C84900F17164 /* Release */ = {
			isa = XCBuildConfiguration;
			buildSettings = {
				ASSETCATALOG_COMPILER_APPICON_NAME = AppIcon;
				INFOPLIST_FILE = ShoppingList/Info.plist;
				LD_RUNPATH_SEARCH_PATHS = "$(inherited) @executable_path/Frameworks";
				PRODUCT_NAME = "$(TARGET_NAME)";
			};
			name = Release;
		};
		171510A31B40C84900F17164 /* Debug */ = {
			isa = XCBuildConfiguration;
			buildSettings = {
				BUNDLE_LOADER = "$(TEST_HOST)";
				FRAMEWORK_SEARCH_PATHS = (
					"$(SDKROOT)/Developer/Library/Frameworks",
					"$(inherited)",
				);
				GCC_PREPROCESSOR_DEFINITIONS = (
					"DEBUG=1",
					"$(inherited)",
				);
				INFOPLIST_FILE = ShoppingListTests/Info.plist;
				LD_RUNPATH_SEARCH_PATHS = "$(inherited) @executable_path/Frameworks @loader_path/Frameworks";
				PRODUCT_NAME = "$(TARGET_NAME)";
				TEST_HOST = "$(BUILT_PRODUCTS_DIR)/ShoppingList.app/ShoppingList";
			};
			name = Debug;
		};
		171510A41B40C84900F17164 /* Release */ = {
			isa = XCBuildConfiguration;
			buildSettings = {
				BUNDLE_LOADER = "$(TEST_HOST)";
				FRAMEWORK_SEARCH_PATHS = (
					"$(SDKROOT)/Developer/Library/Frameworks",
					"$(inherited)",
				);
				INFOPLIST_FILE = ShoppingListTests/Info.plist;
				LD_RUNPATH_SEARCH_PATHS = "$(inherited) @executable_path/Frameworks @loader_path/Frameworks";
				PRODUCT_NAME = "$(TARGET_NAME)";
				TEST_HOST = "$(BUILT_PRODUCTS_DIR)/ShoppingList.app/ShoppingList";
			};
			name = Release;
		};
/* End XCBuildConfiguration section */

/* Begin XCConfigurationList section */
		171510791B40C84900F17164 /* Build configuration list for PBXProject "ShoppingList" */ = {
			isa = XCConfigurationList;
			buildConfigurations = (
				1715109D1B40C84900F17164 /* Debug */,
				1715109E1B40C84900F17164 /* Release */,
			);
			defaultConfigurationIsVisible = 0;
			defaultConfigurationName = Release;
		};
		1715109F1B40C84900F17164 /* Build configuration list for PBXNativeTarget "ShoppingList" */ = {
			isa = XCConfigurationList;
			buildConfigurations = (
				171510A01B40C84900F17164 /* Debug */,
				171510A11B40C84900F17164 /* Release */,
			);
			defaultConfigurationIsVisible = 0;
		};
		171510A21B40C84900F17164 /* Build configuration list for PBXNativeTarget "ShoppingListTests" */ = {
			isa = XCConfigurationList;
			buildConfigurations = (
				171510A31B40C84900F17164 /* Debug */,
				171510A41B40C84900F17164 /* Release */,
			);
			defaultConfigurationIsVisible = 0;
		};
/* End XCConfigurationList section */
	};
	rootObject = 171510761B40C84900F17164 /* Project object */;
}
